
Microsoft Visual Studio Solution File, Format Version 12.00
# Visual Studio Version 16
VisualStudioVersion = 16.0.30717.126
MinimumVisualStudioVersion = 10.0.40219.1
Project("{FAE04EC0-301F-11D3-BF4B-00C04F79EFBC}") = "RetoMok", "RetoMok\RetoMok.csproj", "{99559BC2-34E5-437F-8B78-1AA371E8B53E}"
EndProject
Global
	GlobalSection(SolutionConfigurationPlatforms) = preSolution
		Debug|Any CPU = Debug|Any CPU
		Release|Any CPU = Release|Any CPU
	EndGlobalSection
	GlobalSection(ProjectConfigurationPlatforms) = postSolution
		{99559BC2-34E5-437F-8B78-1AA371E8B53E}.Debug|Any CPU.ActiveCfg = Debug|Any CPU
		{99559BC2-34E5-437F-8B78-1AA371E8B53E}.Debug|Any CPU.Build.0 = Debug|Any CPU
		{99559BC2-34E5-437F-8B78-1AA371E8B53E}.Release|Any CPU.ActiveCfg = Release|Any CPU
		{99559BC2-34E5-437F-8B78-1AA371E8B53E}.Release|Any CPU.Build.0 = Release|Any CPU
	EndGlobalSection
	GlobalSection(SolutionProperties) = preSolution
		HideSolutionNode = FALSE
	EndGlobalSection
	GlobalSection(ExtensibilityGlobals) = postSolution
		SolutionGuid = {31328C87-FB39-4A44-A671-E353FA2F4048}
	EndGlobalSection
EndGlobal
